// !$*UTF8*$!
{
	archiveVersion = 1;
	classes = {
	};
	objectVersion = 77;
	objects = {

/* Begin PBXBuildFile section */
		06D9DE7267DBCB64E653B50D /* DesktopTheme.swift in Sources */ = {isa = PBXBuildFile; fileRef = DED53650BB89C212752BD7F6 /* DesktopTheme.swift */; };
		072BBF698EC86DB2A583AADF /* FinderWindowChrome.swift in Sources */ = {isa = PBXBuildFile; fileRef = FE49C27B5192FA95F3587724 /* FinderWindowChrome.swift */; };
		0BABEB5DDD3901B6A3D13BA7 /* SearchView.swift in Sources */ = {isa = PBXBuildFile; fileRef = BA0FF236AF09CA4446AC9448 /* SearchView.swift */; };
		0E7B9CA54D8093D00BC73F40 /* AppNavigator.swift in Sources */ = {isa = PBXBuildFile; fileRef = 74262E30667C2CAFAAFA08E8 /* AppNavigator.swift */; };
		0F73DF89A664C2F203778E66 /* PolaroidPhoto.swift in Sources */ = {isa = PBXBuildFile; fileRef = BDF880444B5322136776AC25 /* PolaroidPhoto.swift */; };
		11899DCD109CBA7B7AA26CFD /* RMCCore in Frameworks */ = {isa = PBXBuildFile; productRef = 1CB0F2EAC0628A1DF7C02692 /* RMCCore */; };
		12A0B0E0BEF240DD10C08716 /* MuseumView.swift in Sources */ = {isa = PBXBuildFile; fileRef = 7D2E23B31C6E5A4A49A4B189 /* MuseumView.swift */; };
		1534AB22F1CD6CB1CEB31983 /* RootTabView.swift in Sources */ = {isa = PBXBuildFile; fileRef = 6121B42C402400EB9DF586A0 /* RootTabView.swift */; };
		1ACDFFD1F81D19056EEADB97 /* QuickTimePlayerChrome.swift in Sources */ = {isa = PBXBuildFile; fileRef = AF1F3428CE41E9972D2CD580 /* QuickTimePlayerChrome.swift */; };
		2098A7AE5E80AC90D8EF6552 /* QuickTimePlayerChrome.swift in Sources */ = {isa = PBXBuildFile; fileRef = AF1F3428CE41E9972D2CD580 /* QuickTimePlayerChrome.swift */; };
		20CBAF69C7A26E49F8EADF68 /* rmc.sqlite in Resources */ = {isa = PBXBuildFile; fileRef = 4D880E4203F33F376FF224EF /* rmc.sqlite */; };
		2127E417C3B1F31431E0DC93 /* ClassicScrollBar.swift in Sources */ = {isa = PBXBuildFile; fileRef = 840994A2A6C09664F49DDC42 /* ClassicScrollBar.swift */; };
		27767FCDF9D5CA4046091741 /* AppearanceManager.swift in Sources */ = {isa = PBXBuildFile; fileRef = 2DFCB9AFAED78AFC47FA166F /* AppearanceManager.swift */; };
		28359E818D06C6E2216123EA /* MuseumData+iMac.swift in Sources */ = {isa = PBXBuildFile; fileRef = 04CEDDC72E6FF21D19101DBD /* MuseumData+iMac.swift */; };
		28ED41675D9D4E99051DEE73 /* YouTubePlayerModel.swift in Sources */ = {isa = PBXBuildFile; fileRef = F3ABAD308F4B4DB7513CBADA /* YouTubePlayerModel.swift */; };
		2DBFF66A59A57380C2ED446C /* MuseumData+iPod.swift in Sources */ = {isa = PBXBuildFile; fileRef = 37A3F6BEBF658809D3C63DD7 /* MuseumData+iPod.swift */; };
		2EA72166D2D0BE230A48F6F5 /* MuseumData+Laptops.swift in Sources */ = {isa = PBXBuildFile; fileRef = B925B2116BF4FB8531E61AAE /* MuseumData+Laptops.swift */; };
		3344E54CC2D0CD1C9FF1A87D /* Assets.xcassets in Resources */ = {isa = PBXBuildFile; fileRef = 79B3A201D8EC52A81373A719 /* Assets.xcassets */; };
		35B7E60BA67B2F8642DA1475 /* TriviaView.swift in Sources */ = {isa = PBXBuildFile; fileRef = CEDEE901F628C27EDA27F725 /* TriviaView.swift */; };
		3670BB266C51D234580201FA /* MuseumView.swift in Sources */ = {isa = PBXBuildFile; fileRef = 7D2E23B31C6E5A4A49A4B189 /* MuseumView.swift */; };
		3E3BED2503DF798724EA383B /* Corpus.swift in Sources */ = {isa = PBXBuildFile; fileRef = E1EEC18DF155B41B2DAD729E /* Corpus.swift */; };
		3EB5864A6362E6E2335FEF72 /* RetroMacCastApp.swift in Sources */ = {isa = PBXBuildFile; fileRef = E488D0C57FE63F183ECA87CD /* RetroMacCastApp.swift */; };
		41F340773E8003A4C36581E3 /* MuseumData+iPod.swift in Sources */ = {isa = PBXBuildFile; fileRef = 37A3F6BEBF658809D3C63DD7 /* MuseumData+iPod.swift */; };
		46AA4482C3411BE2BBEF2444 /* RetroStyle.swift in Sources */ = {isa = PBXBuildFile; fileRef = 0DA8791C8E48BC407348CBB4 /* RetroStyle.swift */; };
		480F3D09939F139DE1DE28AA /* SettingsView.swift in Sources */ = {isa = PBXBuildFile; fileRef = BB96F53A68C85288CF99197F /* SettingsView.swift */; };
		4A2B7AC9D4344A008BFE762C /* PlayerViewModel.swift in Sources */ = {isa = PBXBuildFile; fileRef = 16C232C7F9B42B439FF8AC9B /* PlayerViewModel.swift */; };
		503FE61F27179C65E7ED4E9B /* VideosView.swift in Sources */ = {isa = PBXBuildFile; fileRef = 4DCEE9E02B2231A85C26DD4F /* VideosView.swift */; };
		56FE2500CF7F1369B4B3E0B4 /* VideosView.swift in Sources */ = {isa = PBXBuildFile; fileRef = 4DCEE9E02B2231A85C26DD4F /* VideosView.swift */; };
		57C2D46D2E6C13213A5F6B31 /* MuseumData+CompactMacintosh.swift in Sources */ = {isa = PBXBuildFile; fileRef = C68B1CA6C86A4205CF451D59 /* MuseumData+CompactMacintosh.swift */; };
		5F2A42834BD6FA44DB42A021 /* SearchViewModel.swift in Sources */ = {isa = PBXBuildFile; fileRef = F8B324DF879F3C9673025E84 /* SearchViewModel.swift */; };
		5F4DD1F7F3B2F2092B286BA5 /* AppNavigator.swift in Sources */ = {isa = PBXBuildFile; fileRef = 74262E30667C2CAFAAFA08E8 /* AppNavigator.swift */; };
		62FDD548F241281F8045D7F7 /* MuseumData+MacMiniStudio.swift in Sources */ = {isa = PBXBuildFile; fileRef = D83998AA0DFEB39381162C01 /* MuseumData+MacMiniStudio.swift */; };
		68EF56652525EE302202EA81 /* YouTubePlayerModel.swift in Sources */ = {isa = PBXBuildFile; fileRef = F3ABAD308F4B4DB7513CBADA /* YouTubePlayerModel.swift */; };
		6C62201F61E4948D94EC96DC /* AppearanceManager.swift in Sources */ = {isa = PBXBuildFile; fileRef = 2DFCB9AFAED78AFC47FA166F /* AppearanceManager.swift */; };
		72C7CD8F71902AE9D169E8A8 /* MuseumModels.swift in Sources */ = {isa = PBXBuildFile; fileRef = BBD2758CCE721DE484ABD97C /* MuseumModels.swift */; };
		73725C8848460486A5A49CD9 /* ClassicScrollBar.swift in Sources */ = {isa = PBXBuildFile; fileRef = 840994A2A6C09664F49DDC42 /* ClassicScrollBar.swift */; };
		7840DD4B6C6C824710A89FCA /* PolaroidPhoto.swift in Sources */ = {isa = PBXBuildFile; fileRef = BDF880444B5322136776AC25 /* PolaroidPhoto.swift */; };
		78E5AEAFFAE3FE36354EBE54 /* MuseumData+PowerMac.swift in Sources */ = {isa = PBXBuildFile; fileRef = 2D04099854993668F20B3948 /* MuseumData+PowerMac.swift */; };
		7A3215095D880E9928F47198 /* ChicagoFLF.ttf in Resources */ = {isa = PBXBuildFile; fileRef = 0CEA19B0565A66C982C2E3B9 /* ChicagoFLF.ttf */; };
		7D5C4FB35E26C2C1C632EE95 /* PlayerViewModel.swift in Sources */ = {isa = PBXBuildFile; fileRef = 16C232C7F9B42B439FF8AC9B /* PlayerViewModel.swift */; };
		81C53071125D0DAAF68DC22D /* ChicagoFLF.ttf in Resources */ = {isa = PBXBuildFile; fileRef = 0CEA19B0565A66C982C2E3B9 /* ChicagoFLF.ttf */; };
		87178729A5FAD91FF4409876 /* Assets.xcassets in Resources */ = {isa = PBXBuildFile; fileRef = 79B3A201D8EC52A81373A719 /* Assets.xcassets */; };
		8738C74F0DCC99C04037C989 /* FinderWindowChrome.swift in Sources */ = {isa = PBXBuildFile; fileRef = FE49C27B5192FA95F3587724 /* FinderWindowChrome.swift */; };
		8ABE8B664A65720B37D75890 /* MuseumData+iPad.swift in Sources */ = {isa = PBXBuildFile; fileRef = E954693D01DDC5AF2E74D254 /* MuseumData+iPad.swift */; };
		8DD4AEFAC1E7372C8A87650A /* CorpusUpdateManager.swift in Sources */ = {isa = PBXBuildFile; fileRef = CAA9B4A0E366FEB911483280 /* CorpusUpdateManager.swift */; };
		90BCAF0918C6DBE883456946 /* MuseumData+ModularMacintosh.swift in Sources */ = {isa = PBXBuildFile; fileRef = 64175BBFF7709A80C5033103 /* MuseumData+ModularMacintosh.swift */; };
		9111D4133599DB5BB39C07AE /* TriviaView.swift in Sources */ = {isa = PBXBuildFile; fileRef = CEDEE901F628C27EDA27F725 /* TriviaView.swift */; };
		92FAA142CA80D38D34547AEC /* MuseumData+Laptops.swift in Sources */ = {isa = PBXBuildFile; fileRef = B925B2116BF4FB8531E61AAE /* MuseumData+Laptops.swift */; };
		9312202D1ACAB66190C7335C /* MuseumData+Newton.swift in Sources */ = {isa = PBXBuildFile; fileRef = CD28459F6B6F7EF61C8530F3 /* MuseumData+Newton.swift */; };
		937D40A664273D5810644774 /* RetroStyle.swift in Sources */ = {isa = PBXBuildFile; fileRef = 0DA8791C8E48BC407348CBB4 /* RetroStyle.swift */; };
		96545C3CDED166276548A2DB /* RetroMacCastApp.swift in Sources */ = {isa = PBXBuildFile; fileRef = E488D0C57FE63F183ECA87CD /* RetroMacCastApp.swift */; };
		9A6714804DD49C9FEFCC011A /* MuseumData+Newton.swift in Sources */ = {isa = PBXBuildFile; fileRef = CD28459F6B6F7EF61C8530F3 /* MuseumData+Newton.swift */; };
		A06ED2B05DC29EA6209C5FBB /* RootTabView.swift in Sources */ = {isa = PBXBuildFile; fileRef = 6121B42C402400EB9DF586A0 /* RootTabView.swift */; };
		A4012B5E683EC4C1C9A54540 /* CorpusUpdateManager.swift in Sources */ = {isa = PBXBuildFile; fileRef = CAA9B4A0E366FEB911483280 /* CorpusUpdateManager.swift */; };
		A50BE1D33F33AD9FD32FD312 /* rmc.sqlite in Resources */ = {isa = PBXBuildFile; fileRef = 4D880E4203F33F376FF224EF /* rmc.sqlite */; };
		AA7A709339E29E9C5020878F /* MuseumData+iMac.swift in Sources */ = {isa = PBXBuildFile; fileRef = 04CEDDC72E6FF21D19101DBD /* MuseumData+iMac.swift */; };
		AE4BEB62D8866B12B146338E /* DesktopBackgroundView.swift in Sources */ = {isa = PBXBuildFile; fileRef = AD405A1852F73D3759A04D45 /* DesktopBackgroundView.swift */; };
		B3694573A7070A839DBC2D77 /* SearchView.swift in Sources */ = {isa = PBXBuildFile; fileRef = BA0FF236AF09CA4446AC9448 /* SearchView.swift */; };
		C08FC4D69901AF56505E9762 /* MuseumData+ModularMacintosh.swift in Sources */ = {isa = PBXBuildFile; fileRef = 64175BBFF7709A80C5033103 /* MuseumData+ModularMacintosh.swift */; };
		C2AC122CF234A63666D72A2B /* Corpus.swift in Sources */ = {isa = PBXBuildFile; fileRef = E1EEC18DF155B41B2DAD729E /* Corpus.swift */; };
		C85A4F96E5B07186C6C06C94 /* MuseumData+CompactMacintosh.swift in Sources */ = {isa = PBXBuildFile; fileRef = C68B1CA6C86A4205CF451D59 /* MuseumData+CompactMacintosh.swift */; };
		CB645E55B31A1DE031DA523B /* MuseumData+MacMiniStudio.swift in Sources */ = {isa = PBXBuildFile; fileRef = D83998AA0DFEB39381162C01 /* MuseumData+MacMiniStudio.swift */; };
		CB81419D1C53E4716EDF8AEF /* DesktopBackgroundView.swift in Sources */ = {isa = PBXBuildFile; fileRef = AD405A1852F73D3759A04D45 /* DesktopBackgroundView.swift */; };
		D609CCF6240D12914DB4DC77 /* GlossaryView.swift in Sources */ = {isa = PBXBuildFile; fileRef = 3DA6B452BDCB2B3EE340B095 /* GlossaryView.swift */; };
		DA1EE87882231CAC544B866B /* MuseumData+PowerMac.swift in Sources */ = {isa = PBXBuildFile; fileRef = 2D04099854993668F20B3948 /* MuseumData+PowerMac.swift */; };
		DDD4FE4FF0A33FA02F6EE3BE /* MuseumData+iPhone.swift in Sources */ = {isa = PBXBuildFile; fileRef = 9C72BE246D886E8446E4D079 /* MuseumData+iPhone.swift */; };
		E02ECDA6BAB42E4ECFD1ACD9 /* SettingsView.swift in Sources */ = {isa = PBXBuildFile; fileRef = BB96F53A68C85288CF99197F /* SettingsView.swift */; };
		E044FFA53F2962837201217A /* DesktopTheme.swift in Sources */ = {isa = PBXBuildFile; fileRef = DED53650BB89C212752BD7F6 /* DesktopTheme.swift */; };
		E929FFF9451713CF4BF9F3D3 /* MuseumData+iPhone.swift in Sources */ = {isa = PBXBuildFile; fileRef = 9C72BE246D886E8446E4D079 /* MuseumData+iPhone.swift */; };
		F09B84DE312FC77ED915FB35 /* MuseumData+iPad.swift in Sources */ = {isa = PBXBuildFile; fileRef = E954693D01DDC5AF2E74D254 /* MuseumData+iPad.swift */; };
		F42C23BD3789C188F03F2458 /* MuseumModels.swift in Sources */ = {isa = PBXBuildFile; fileRef = BBD2758CCE721DE484ABD97C /* MuseumModels.swift */; };
		F722D874D89DD8EEFEE24001 /* EmulatorView.swift in Sources */ = {isa = PBXBuildFile; fileRef = 7A99CCC41D7AC4B8F75562F3 /* EmulatorView.swift */; };
		F75BDDCC787B25B2F8E0AAE8 /* RMCCore in Frameworks */ = {isa = PBXBuildFile; productRef = 94186E73C5041162DF799002 /* RMCCore */; };
		F7E94CD04805399BD8945E30 /* SearchViewModel.swift in Sources */ = {isa = PBXBuildFile; fileRef = F8B324DF879F3C9673025E84 /* SearchViewModel.swift */; };
		FA7E070DB72EBD0DA51D4063 /* GlossaryView.swift in Sources */ = {isa = PBXBuildFile; fileRef = 3DA6B452BDCB2B3EE340B095 /* GlossaryView.swift */; };
		FD0CC2AC5FCB291287CA16DB /* EmulatorView.swift in Sources */ = {isa = PBXBuildFile; fileRef = 7A99CCC41D7AC4B8F75562F3 /* EmulatorView.swift */; };
/* End PBXBuildFile section */

/* Begin PBXFileReference section */
		04CEDDC72E6FF21D19101DBD /* MuseumData+iMac.swift */ = {isa = PBXFileReference; lastKnownFileType = sourcecode.swift; path = "MuseumData+iMac.swift"; sourceTree = "<group>"; };
		0CEA19B0565A66C982C2E3B9 /* ChicagoFLF.ttf */ = {isa = PBXFileReference; lastKnownFileType = file; path = ChicagoFLF.ttf; sourceTree = "<group>"; };
		0DA8791C8E48BC407348CBB4 /* RetroStyle.swift */ = {isa = PBXFileReference; lastKnownFileType = sourcecode.swift; path = RetroStyle.swift; sourceTree = "<group>"; };
		16C232C7F9B42B439FF8AC9B /* PlayerViewModel.swift */ = {isa = PBXFileReference; lastKnownFileType = sourcecode.swift; path = PlayerViewModel.swift; sourceTree = "<group>"; };
		28EEC16B84989F68A34FEB81 /* RetroMacCast-macOS.app */ = {isa = PBXFileReference; explicitFileType = wrapper.application; includeInIndex = 0; path = "RetroMacCast-macOS.app"; sourceTree = BUILT_PRODUCTS_DIR; };
		2D04099854993668F20B3948 /* MuseumData+PowerMac.swift */ = {isa = PBXFileReference; lastKnownFileType = sourcecode.swift; path = "MuseumData+PowerMac.swift"; sourceTree = "<group>"; };
		2DFCB9AFAED78AFC47FA166F /* AppearanceManager.swift */ = {isa = PBXFileReference; lastKnownFileType = sourcecode.swift; path = AppearanceManager.swift; sourceTree = "<group>"; };
		37A3F6BEBF658809D3C63DD7 /* MuseumData+iPod.swift */ = {isa = PBXFileReference; lastKnownFileType = sourcecode.swift; path = "MuseumData+iPod.swift"; sourceTree = "<group>"; };
		3DA6B452BDCB2B3EE340B095 /* GlossaryView.swift */ = {isa = PBXFileReference; lastKnownFileType = sourcecode.swift; path = GlossaryView.swift; sourceTree = "<group>"; };
		4D880E4203F33F376FF224EF /* rmc.sqlite */ = {isa = PBXFileReference; lastKnownFileType = file; path = rmc.sqlite; sourceTree = "<group>"; };
		4DCEE9E02B2231A85C26DD4F /* VideosView.swift */ = {isa = PBXFileReference; lastKnownFileType = sourcecode.swift; path = VideosView.swift; sourceTree = "<group>"; };
		6121B42C402400EB9DF586A0 /* RootTabView.swift */ = {isa = PBXFileReference; lastKnownFileType = sourcecode.swift; path = RootTabView.swift; sourceTree = "<group>"; };
		64175BBFF7709A80C5033103 /* MuseumData+ModularMacintosh.swift */ = {isa = PBXFileReference; lastKnownFileType = sourcecode.swift; path = "MuseumData+ModularMacintosh.swift"; sourceTree = "<group>"; };
		6E09EBB2ED6813A7ABC689F0 /* pipeline */ = {isa = PBXFileReference; lastKnownFileType = folder; name = pipeline; path = ../pipeline; sourceTree = SOURCE_ROOT; };
		74262E30667C2CAFAAFA08E8 /* AppNavigator.swift */ = {isa = PBXFileReference; lastKnownFileType = sourcecode.swift; path = AppNavigator.swift; sourceTree = "<group>"; };
		79B3A201D8EC52A81373A719 /* Assets.xcassets */ = {isa = PBXFileReference; lastKnownFileType = folder.assetcatalog; path = Assets.xcassets; sourceTree = "<group>"; };
		7A99CCC41D7AC4B8F75562F3 /* EmulatorView.swift */ = {isa = PBXFileReference; lastKnownFileType = sourcecode.swift; path = EmulatorView.swift; sourceTree = "<group>"; };
		7D2E23B31C6E5A4A49A4B189 /* MuseumView.swift */ = {isa = PBXFileReference; lastKnownFileType = sourcecode.swift; path = MuseumView.swift; sourceTree = "<group>"; };
		840994A2A6C09664F49DDC42 /* ClassicScrollBar.swift */ = {isa = PBXFileReference; lastKnownFileType = sourcecode.swift; path = ClassicScrollBar.swift; sourceTree = "<group>"; };
		9C72BE246D886E8446E4D079 /* MuseumData+iPhone.swift */ = {isa = PBXFileReference; lastKnownFileType = sourcecode.swift; path = "MuseumData+iPhone.swift"; sourceTree = "<group>"; };
		AD405A1852F73D3759A04D45 /* DesktopBackgroundView.swift */ = {isa = PBXFileReference; lastKnownFileType = sourcecode.swift; path = DesktopBackgroundView.swift; sourceTree = "<group>"; };
		AF1F3428CE41E9972D2CD580 /* QuickTimePlayerChrome.swift */ = {isa = PBXFileReference; lastKnownFileType = sourcecode.swift; path = QuickTimePlayerChrome.swift; sourceTree = "<group>"; };
		B925B2116BF4FB8531E61AAE /* MuseumData+Laptops.swift */ = {isa = PBXFileReference; lastKnownFileType = sourcecode.swift; path = "MuseumData+Laptops.swift"; sourceTree = "<group>"; };
		BA0FF236AF09CA4446AC9448 /* SearchView.swift */ = {isa = PBXFileReference; lastKnownFileType = sourcecode.swift; path = SearchView.swift; sourceTree = "<group>"; };
		BB96F53A68C85288CF99197F /* SettingsView.swift */ = {isa = PBXFileReference; lastKnownFileType = sourcecode.swift; path = SettingsView.swift; sourceTree = "<group>"; };
		BBD2758CCE721DE484ABD97C /* MuseumModels.swift */ = {isa = PBXFileReference; lastKnownFileType = sourcecode.swift; path = MuseumModels.swift; sourceTree = "<group>"; };
		BDF880444B5322136776AC25 /* PolaroidPhoto.swift */ = {isa = PBXFileReference; lastKnownFileType = sourcecode.swift; path = PolaroidPhoto.swift; sourceTree = "<group>"; };
		C68B1CA6C86A4205CF451D59 /* MuseumData+CompactMacintosh.swift */ = {isa = PBXFileReference; lastKnownFileType = sourcecode.swift; path = "MuseumData+CompactMacintosh.swift"; sourceTree = "<group>"; };
		CAA9B4A0E366FEB911483280 /* CorpusUpdateManager.swift */ = {isa = PBXFileReference; lastKnownFileType = sourcecode.swift; path = CorpusUpdateManager.swift; sourceTree = "<group>"; };
		CD28459F6B6F7EF61C8530F3 /* MuseumData+Newton.swift */ = {isa = PBXFileReference; lastKnownFileType = sourcecode.swift; path = "MuseumData+Newton.swift"; sourceTree = "<group>"; };
		CEDEE901F628C27EDA27F725 /* TriviaView.swift */ = {isa = PBXFileReference; lastKnownFileType = sourcecode.swift; path = TriviaView.swift; sourceTree = "<group>"; };
		D83998AA0DFEB39381162C01 /* MuseumData+MacMiniStudio.swift */ = {isa = PBXFileReference; lastKnownFileType = sourcecode.swift; path = "MuseumData+MacMiniStudio.swift"; sourceTree = "<group>"; };
		DED53650BB89C212752BD7F6 /* DesktopTheme.swift */ = {isa = PBXFileReference; lastKnownFileType = sourcecode.swift; path = DesktopTheme.swift; sourceTree = "<group>"; };
		E1EEC18DF155B41B2DAD729E /* Corpus.swift */ = {isa = PBXFileReference; lastKnownFileType = sourcecode.swift; path = Corpus.swift; sourceTree = "<group>"; };
		E488D0C57FE63F183ECA87CD /* RetroMacCastApp.swift */ = {isa = PBXFileReference; lastKnownFileType = sourcecode.swift; path = RetroMacCastApp.swift; sourceTree = "<group>"; };
		E954693D01DDC5AF2E74D254 /* MuseumData+iPad.swift */ = {isa = PBXFileReference; lastKnownFileType = sourcecode.swift; path = "MuseumData+iPad.swift"; sourceTree = "<group>"; };
		EB1DCB15115FD8C5F467348E /* RetroMacCast-iOS.app */ = {isa = PBXFileReference; includeInIndex = 0; lastKnownFileType = wrapper.application; path = "RetroMacCast-iOS.app"; sourceTree = BUILT_PRODUCTS_DIR; };
		F3ABAD308F4B4DB7513CBADA /* YouTubePlayerModel.swift */ = {isa = PBXFileReference; lastKnownFileType = sourcecode.swift; path = YouTubePlayerModel.swift; sourceTree = "<group>"; };
		F8B324DF879F3C9673025E84 /* SearchViewModel.swift */ = {isa = PBXFileReference; lastKnownFileType = sourcecode.swift; path = SearchViewModel.swift; sourceTree = "<group>"; };
		FE49C27B5192FA95F3587724 /* FinderWindowChrome.swift */ = {isa = PBXFileReference; lastKnownFileType = sourcecode.swift; path = FinderWindowChrome.swift; sourceTree = "<group>"; };
/* End PBXFileReference section */

/* Begin PBXFrameworksBuildPhase section */
		0C90E31B8887F5C654DE9597 /* Frameworks */ = {
			isa = PBXFrameworksBuildPhase;
			buildActionMask = 2147483647;
			files = (
				F75BDDCC787B25B2F8E0AAE8 /* RMCCore in Frameworks */,
			);
			runOnlyForDeploymentPostprocessing = 0;
		};
		73FF4E1D49E8A987F85AF36B /* Frameworks */ = {
			isa = PBXFrameworksBuildPhase;
			buildActionMask = 2147483647;
			files = (
				11899DCD109CBA7B7AA26CFD /* RMCCore in Frameworks */,
			);
			runOnlyForDeploymentPostprocessing = 0;
		};
/* End PBXFrameworksBuildPhase section */

/* Begin PBXGroup section */
		0A0017D61E8F01B99162ED28 /* App */ = {
			isa = PBXGroup;
			children = (
				74262E30667C2CAFAAFA08E8 /* AppNavigator.swift */,
				E488D0C57FE63F183ECA87CD /* RetroMacCastApp.swift */,
				6121B42C402400EB9DF586A0 /* RootTabView.swift */,
			);
			path = App;
			sourceTree = "<group>";
		};
		11B3C275A71E501596217AC2 /* Museum */ = {
			isa = PBXGroup;
			children = (
				840994A2A6C09664F49DDC42 /* ClassicScrollBar.swift */,
				FE49C27B5192FA95F3587724 /* FinderWindowChrome.swift */,
				C68B1CA6C86A4205CF451D59 /* MuseumData+CompactMacintosh.swift */,
				04CEDDC72E6FF21D19101DBD /* MuseumData+iMac.swift */,
				E954693D01DDC5AF2E74D254 /* MuseumData+iPad.swift */,
				9C72BE246D886E8446E4D079 /* MuseumData+iPhone.swift */,
				37A3F6BEBF658809D3C63DD7 /* MuseumData+iPod.swift */,
				B925B2116BF4FB8531E61AAE /* MuseumData+Laptops.swift */,
				D83998AA0DFEB39381162C01 /* MuseumData+MacMiniStudio.swift */,
				64175BBFF7709A80C5033103 /* MuseumData+ModularMacintosh.swift */,
				CD28459F6B6F7EF61C8530F3 /* MuseumData+Newton.swift */,
				2D04099854993668F20B3948 /* MuseumData+PowerMac.swift */,
				BBD2758CCE721DE484ABD97C /* MuseumModels.swift */,
				7D2E23B31C6E5A4A49A4B189 /* MuseumView.swift */,
				BDF880444B5322136776AC25 /* PolaroidPhoto.swift */,
			);
			path = Museum;
			sourceTree = "<group>";
		};
		1FDCE1ADF3C3F3E6AE0DA17A /* Emulator */ = {
			isa = PBXGroup;
			children = (
				7A99CCC41D7AC4B8F75562F3 /* EmulatorView.swift */,
			);
			path = Emulator;
			sourceTree = "<group>";
		};
		2C0B59672D0A25CF412EA2E5 /* Resources */ = {
			isa = PBXGroup;
			children = (
				79B3A201D8EC52A81373A719 /* Assets.xcassets */,
				0CEA19B0565A66C982C2E3B9 /* ChicagoFLF.ttf */,
				4D880E4203F33F376FF224EF /* rmc.sqlite */,
			);
			path = Resources;
			sourceTree = "<group>";
		};
		436CA230CFF09AE3BD198FAB /* RetroMacCast */ = {
			isa = PBXGroup;
			children = (
				2C0B59672D0A25CF412EA2E5 /* Resources */,
				4EAD2915DD3D25F31A2C9EBA /* Sources */,
			);
			path = RetroMacCast;
			sourceTree = "<group>";
		};
		4A6E1F007BFC42E96DC0379A /* Search */ = {
			isa = PBXGroup;
			children = (
				16C232C7F9B42B439FF8AC9B /* PlayerViewModel.swift */,
				0DA8791C8E48BC407348CBB4 /* RetroStyle.swift */,
				BA0FF236AF09CA4446AC9448 /* SearchView.swift */,
				F8B324DF879F3C9673025E84 /* SearchViewModel.swift */,
			);
			path = Search;
			sourceTree = "<group>";
		};
		4EAD2915DD3D25F31A2C9EBA /* Sources */ = {
			isa = PBXGroup;
			children = (
				0A0017D61E8F01B99162ED28 /* App */,
				B9485BDAF5E554403CF76E4E /* Data */,
				1FDCE1ADF3C3F3E6AE0DA17A /* Emulator */,
				C33B832E88C89C281A2792CF /* Glossary */,
				11B3C275A71E501596217AC2 /* Museum */,
				4A6E1F007BFC42E96DC0379A /* Search */,
				8A8D2343831A83B7C8943A0F /* Settings */,
				AB4E9128E26C05F239C507FB /* Trivia */,
				E85B795AE7B74DC31B0442A0 /* Videos */,
			);
			path = Sources;
			sourceTree = "<group>";
		};
		4EDA340F7C579761F5110923 /* Packages */ = {
			isa = PBXGroup;
			children = (
				6E09EBB2ED6813A7ABC689F0 /* pipeline */,
			);
			name = Packages;
			sourceTree = "<group>";
		};
		6A68910434C81D1E30B8B943 /* Products */ = {
			isa = PBXGroup;
			children = (
				EB1DCB15115FD8C5F467348E /* RetroMacCast-iOS.app */,
				28EEC16B84989F68A34FEB81 /* RetroMacCast-macOS.app */,
			);
			name = Products;
			sourceTree = "<group>";
		};
		8A8D2343831A83B7C8943A0F /* Settings */ = {
			isa = PBXGroup;
			children = (
				2DFCB9AFAED78AFC47FA166F /* AppearanceManager.swift */,
				CAA9B4A0E366FEB911483280 /* CorpusUpdateManager.swift */,
				AD405A1852F73D3759A04D45 /* DesktopBackgroundView.swift */,
				DED53650BB89C212752BD7F6 /* DesktopTheme.swift */,
				BB96F53A68C85288CF99197F /* SettingsView.swift */,
			);
			path = Settings;
			sourceTree = "<group>";
		};
		AB4E9128E26C05F239C507FB /* Trivia */ = {
			isa = PBXGroup;
			children = (
				CEDEE901F628C27EDA27F725 /* TriviaView.swift */,
			);
			path = Trivia;
			sourceTree = "<group>";
		};
		B9485BDAF5E554403CF76E4E /* Data */ = {
			isa = PBXGroup;
			children = (
				E1EEC18DF155B41B2DAD729E /* Corpus.swift */,
			);
			path = Data;
			sourceTree = "<group>";
		};
		C33B832E88C89C281A2792CF /* Glossary */ = {
			isa = PBXGroup;
			children = (
				3DA6B452BDCB2B3EE340B095 /* GlossaryView.swift */,
			);
			path = Glossary;
			sourceTree = "<group>";
		};
		DCED43D2B040A00023925C17 = {
			isa = PBXGroup;
			children = (
				4EDA340F7C579761F5110923 /* Packages */,
				436CA230CFF09AE3BD198FAB /* RetroMacCast */,
				6A68910434C81D1E30B8B943 /* Products */,
			);
			sourceTree = "<group>";
		};
		E85B795AE7B74DC31B0442A0 /* Videos */ = {
			isa = PBXGroup;
			children = (
				AF1F3428CE41E9972D2CD580 /* QuickTimePlayerChrome.swift */,
				4DCEE9E02B2231A85C26DD4F /* VideosView.swift */,
				F3ABAD308F4B4DB7513CBADA /* YouTubePlayerModel.swift */,
			);
			path = Videos;
			sourceTree = "<group>";
		};
/* End PBXGroup section */

/* Begin PBXNativeTarget section */
		997C78F2C05BEBDAD2E0C52B /* RetroMacCast-macOS */ = {
			isa = PBXNativeTarget;
			buildConfigurationList = F3573FE080829E190A26F42F /* Build configuration list for PBXNativeTarget "RetroMacCast-macOS" */;
			buildPhases = (
				BEF36EFEF4871B39992F1A66 /* Sources */,
				DF66664264222A7BCDA56582 /* Resources */,
				73FF4E1D49E8A987F85AF36B /* Frameworks */,
			);
			buildRules = (
			);
			dependencies = (
			);
			name = "RetroMacCast-macOS";
			packageProductDependencies = (
				1CB0F2EAC0628A1DF7C02692 /* RMCCore */,
			);
			productName = "RetroMacCast-macOS";
			productReference = 28EEC16B84989F68A34FEB81 /* RetroMacCast-macOS.app */;
			productType = "com.apple.product-type.application";
		};
		CDBD2BBED07887E2FF69987F /* RetroMacCast-iOS */ = {
			isa = PBXNativeTarget;
			buildConfigurationList = CA09521DFBEDE6BC301CC8BA /* Build configuration list for PBXNativeTarget "RetroMacCast-iOS" */;
			buildPhases = (
				6E958F940B7AB78076087CA2 /* Sources */,
				E572CE29C11F2846060A7928 /* Resources */,
				0C90E31B8887F5C654DE9597 /* Frameworks */,
			);
			buildRules = (
			);
			dependencies = (
			);
			name = "RetroMacCast-iOS";
			packageProductDependencies = (
				94186E73C5041162DF799002 /* RMCCore */,
			);
			productName = "RetroMacCast-iOS";
			productReference = EB1DCB15115FD8C5F467348E /* RetroMacCast-iOS.app */;
			productType = "com.apple.product-type.application";
		};
/* End PBXNativeTarget section */

/* Begin PBXProject section */
		F389D2C87838F4DEE35F49F5 /* Project object */ = {
			isa = PBXProject;
			attributes = {
				BuildIndependentTargetsInParallel = YES;
				LastUpgradeCheck = 1430;
				TargetAttributes = {
				};
			};
			buildConfigurationList = 788A4623D55A7B3411A46A92 /* Build configuration list for PBXProject "RetroMacCast" */;
			developmentRegion = en;
			hasScannedForEncodings = 0;
			knownRegions = (
				Base,
				en,
			);
			mainGroup = DCED43D2B040A00023925C17;
			minimizedProjectReferenceProxies = 1;
			packageReferences = (
				A2D68FD267E72D963BB7AB8B /* XCLocalSwiftPackageReference "../pipeline" */,
			);
			preferredProjectObjectVersion = 77;
			productRefGroup = 6A68910434C81D1E30B8B943 /* Products */;
			projectDirPath = "";
			projectRoot = "";
			targets = (
				CDBD2BBED07887E2FF69987F /* RetroMacCast-iOS */,
				997C78F2C05BEBDAD2E0C52B /* RetroMacCast-macOS */,
			);
		};
/* End PBXProject section */

/* Begin PBXResourcesBuildPhase section */
		DF66664264222A7BCDA56582 /* Resources */ = {
			isa = PBXResourcesBuildPhase;
			buildActionMask = 2147483647;
			files = (
				3344E54CC2D0CD1C9FF1A87D /* Assets.xcassets in Resources */,
				7A3215095D880E9928F47198 /* ChicagoFLF.ttf in Resources */,
				A50BE1D33F33AD9FD32FD312 /* rmc.sqlite in Resources */,
			);
			runOnlyForDeploymentPostprocessing = 0;
		};
		E572CE29C11F2846060A7928 /* Resources */ = {
			isa = PBXResourcesBuildPhase;
			buildActionMask = 2147483647;
			files = (
				87178729A5FAD91FF4409876 /* Assets.xcassets in Resources */,
				81C53071125D0DAAF68DC22D /* ChicagoFLF.ttf in Resources */,
				20CBAF69C7A26E49F8EADF68 /* rmc.sqlite in Resources */,
			);
			runOnlyForDeploymentPostprocessing = 0;
		};
/* End PBXResourcesBuildPhase section */

/* Begin PBXSourcesBuildPhase section */
		6E958F940B7AB78076087CA2 /* Sources */ = {
			isa = PBXSourcesBuildPhase;
			buildActionMask = 2147483647;
			files = (
				0E7B9CA54D8093D00BC73F40 /* AppNavigator.swift in Sources */,
				27767FCDF9D5CA4046091741 /* AppearanceManager.swift in Sources */,
				2127E417C3B1F31431E0DC93 /* ClassicScrollBar.swift in Sources */,
				3E3BED2503DF798724EA383B /* Corpus.swift in Sources */,
				A4012B5E683EC4C1C9A54540 /* CorpusUpdateManager.swift in Sources */,
				AE4BEB62D8866B12B146338E /* DesktopBackgroundView.swift in Sources */,
				06D9DE7267DBCB64E653B50D /* DesktopTheme.swift in Sources */,
				FD0CC2AC5FCB291287CA16DB /* EmulatorView.swift in Sources */,
				8738C74F0DCC99C04037C989 /* FinderWindowChrome.swift in Sources */,
				FA7E070DB72EBD0DA51D4063 /* GlossaryView.swift in Sources */,
				57C2D46D2E6C13213A5F6B31 /* MuseumData+CompactMacintosh.swift in Sources */,
				92FAA142CA80D38D34547AEC /* MuseumData+Laptops.swift in Sources */,
				62FDD548F241281F8045D7F7 /* MuseumData+MacMiniStudio.swift in Sources */,
				C08FC4D69901AF56505E9762 /* MuseumData+ModularMacintosh.swift in Sources */,
				9A6714804DD49C9FEFCC011A /* MuseumData+Newton.swift in Sources */,
				DA1EE87882231CAC544B866B /* MuseumData+PowerMac.swift in Sources */,
				AA7A709339E29E9C5020878F /* MuseumData+iMac.swift in Sources */,
				8ABE8B664A65720B37D75890 /* MuseumData+iPad.swift in Sources */,
				E929FFF9451713CF4BF9F3D3 /* MuseumData+iPhone.swift in Sources */,
				41F340773E8003A4C36581E3 /* MuseumData+iPod.swift in Sources */,
				F42C23BD3789C188F03F2458 /* MuseumModels.swift in Sources */,
				12A0B0E0BEF240DD10C08716 /* MuseumView.swift in Sources */,
				7D5C4FB35E26C2C1C632EE95 /* PlayerViewModel.swift in Sources */,
				0F73DF89A664C2F203778E66 /* PolaroidPhoto.swift in Sources */,
				1ACDFFD1F81D19056EEADB97 /* QuickTimePlayerChrome.swift in Sources */,
				96545C3CDED166276548A2DB /* RetroMacCastApp.swift in Sources */,
				937D40A664273D5810644774 /* RetroStyle.swift in Sources */,
				A06ED2B05DC29EA6209C5FBB /* RootTabView.swift in Sources */,
				B3694573A7070A839DBC2D77 /* SearchView.swift in Sources */,
				5F2A42834BD6FA44DB42A021 /* SearchViewModel.swift in Sources */,
				480F3D09939F139DE1DE28AA /* SettingsView.swift in Sources */,
				35B7E60BA67B2F8642DA1475 /* TriviaView.swift in Sources */,
				56FE2500CF7F1369B4B3E0B4 /* VideosView.swift in Sources */,
				28ED41675D9D4E99051DEE73 /* YouTubePlayerModel.swift in Sources */,
			);
			runOnlyForDeploymentPostprocessing = 0;
		};
		BEF36EFEF4871B39992F1A66 /* Sources */ = {
			isa = PBXSourcesBuildPhase;
			buildActionMask = 2147483647;
			files = (
				5F4DD1F7F3B2F2092B286BA5 /* AppNavigator.swift in Sources */,
				6C62201F61E4948D94EC96DC /* AppearanceManager.swift in Sources */,
				73725C8848460486A5A49CD9 /* ClassicScrollBar.swift in Sources */,
				C2AC122CF234A63666D72A2B /* Corpus.swift in Sources */,
				8DD4AEFAC1E7372C8A87650A /* CorpusUpdateManager.swift in Sources */,
				CB81419D1C53E4716EDF8AEF /* DesktopBackgroundView.swift in Sources */,
				E044FFA53F2962837201217A /* DesktopTheme.swift in Sources */,
				F722D874D89DD8EEFEE24001 /* EmulatorView.swift in Sources */,
				072BBF698EC86DB2A583AADF /* FinderWindowChrome.swift in Sources */,
				D609CCF6240D12914DB4DC77 /* GlossaryView.swift in Sources */,
				C85A4F96E5B07186C6C06C94 /* MuseumData+CompactMacintosh.swift in Sources */,
				2EA72166D2D0BE230A48F6F5 /* MuseumData+Laptops.swift in Sources */,
				CB645E55B31A1DE031DA523B /* MuseumData+MacMiniStudio.swift in Sources */,
				90BCAF0918C6DBE883456946 /* MuseumData+ModularMacintosh.swift in Sources */,
				9312202D1ACAB66190C7335C /* MuseumData+Newton.swift in Sources */,
				78E5AEAFFAE3FE36354EBE54 /* MuseumData+PowerMac.swift in Sources */,
				28359E818D06C6E2216123EA /* MuseumData+iMac.swift in Sources */,
				F09B84DE312FC77ED915FB35 /* MuseumData+iPad.swift in Sources */,
				DDD4FE4FF0A33FA02F6EE3BE /* MuseumData+iPhone.swift in Sources */,
				2DBFF66A59A57380C2ED446C /* MuseumData+iPod.swift in Sources */,
				72C7CD8F71902AE9D169E8A8 /* MuseumModels.swift in Sources */,
				3670BB266C51D234580201FA /* MuseumView.swift in Sources */,
				4A2B7AC9D4344A008BFE762C /* PlayerViewModel.swift in Sources */,
				7840DD4B6C6C824710A89FCA /* PolaroidPhoto.swift in Sources */,
				2098A7AE5E80AC90D8EF6552 /* QuickTimePlayerChrome.swift in Sources */,
				3EB5864A6362E6E2335FEF72 /* RetroMacCastApp.swift in Sources */,
				46AA4482C3411BE2BBEF2444 /* RetroStyle.swift in Sources */,
				1534AB22F1CD6CB1CEB31983 /* RootTabView.swift in Sources */,
				0BABEB5DDD3901B6A3D13BA7 /* SearchView.swift in Sources */,
				F7E94CD04805399BD8945E30 /* SearchViewModel.swift in Sources */,
				E02ECDA6BAB42E4ECFD1ACD9 /* SettingsView.swift in Sources */,
				9111D4133599DB5BB39C07AE /* TriviaView.swift in Sources */,
				503FE61F27179C65E7ED4E9B /* VideosView.swift in Sources */,
				68EF56652525EE302202EA81 /* YouTubePlayerModel.swift in Sources */,
			);
			runOnlyForDeploymentPostprocessing = 0;
		};
/* End PBXSourcesBuildPhase section */

/* Begin XCBuildConfiguration section */
		42C4B08E9D31E82592F27442 /* Release */ = {
			isa = XCBuildConfiguration;
			buildSettings = {
				ALWAYS_SEARCH_USER_PATHS = NO;
				CLANG_ANALYZER_NONNULL = YES;
				CLANG_ANALYZER_NUMBER_OBJECT_CONVERSION = YES_AGGRESSIVE;
				CLANG_CXX_LANGUAGE_STANDARD = "gnu++14";
				CLANG_CXX_LIBRARY = "libc++";
				CLANG_ENABLE_MODULES = YES;
				CLANG_ENABLE_OBJC_ARC = YES;
				CLANG_ENABLE_OBJC_WEAK = YES;
				CLANG_WARN_BLOCK_CAPTURE_AUTORELEASING = YES;
				CLANG_WARN_BOOL_CONVERSION = YES;
				CLANG_WARN_COMMA = YES;
				CLANG_WARN_CONSTANT_CONVERSION = YES;
				CLANG_WARN_DEPRECATED_OBJC_IMPLEMENTATIONS = YES;
				CLANG_WARN_DIRECT_OBJC_ISA_USAGE = YES_ERROR;
				CLANG_WARN_DOCUMENTATION_COMMENTS = YES;
				CLANG_WARN_EMPTY_BODY = YES;
				CLANG_WARN_ENUM_CONVERSION = YES;
				CLANG_WARN_INFINITE_RECURSION = YES;
				CLANG_WARN_INT_CONVERSION = YES;
				CLANG_WARN_NON_LITERAL_NULL_CONVERSION = YES;
				CLANG_WARN_OBJC_IMPLICIT_RETAIN_SELF = YES;
				CLANG_WARN_OBJC_LITERAL_CONVERSION = YES;
				CLANG_WARN_OBJC_ROOT_CLASS = YES_ERROR;
				CLANG_WARN_QUOTED_INCLUDE_IN_FRAMEWORK_HEADER = YES;
				CLANG_WARN_RANGE_LOOP_ANALYSIS = YES;
				CLANG_WARN_STRICT_PROTOTYPES = YES;
				CLANG_WARN_SUSPICIOUS_MOVE = YES;
				CLANG_WARN_UNGUARDED_AVAILABILITY = YES_AGGRESSIVE;
				CLANG_WARN_UNREACHABLE_CODE = YES;
				CLANG_WARN__DUPLICATE_METHOD_MATCH = YES;
				COPY_PHASE_STRIP = NO;
				DEBUG_INFORMATION_FORMAT = "dwarf-with-dsym";
				ENABLE_NS_ASSERTIONS = NO;
				ENABLE_STRICT_OBJC_MSGSEND = YES;
				GCC_C_LANGUAGE_STANDARD = gnu11;
				GCC_NO_COMMON_BLOCKS = YES;
				GCC_WARN_64_TO_32_BIT_CONVERSION = YES;
				GCC_WARN_ABOUT_RETURN_TYPE = YES_ERROR;
				GCC_WARN_UNDECLARED_SELECTOR = YES;
				GCC_WARN_UNINITIALIZED_AUTOS = YES_AGGRESSIVE;
				GCC_WARN_UNUSED_FUNCTION = YES;
				GCC_WARN_UNUSED_VARIABLE = YES;
				MTL_ENABLE_DEBUG_INFO = NO;
				MTL_FAST_MATH = YES;
				PRODUCT_NAME = "$(TARGET_NAME)";
				SWIFT_COMPILATION_MODE = wholemodule;
				SWIFT_OPTIMIZATION_LEVEL = "-O";
				SWIFT_VERSION = 5.0;
			};
			name = Release;
		};
		5B413D773E6AB243EBAD7199 /* Release */ = {
			isa = XCBuildConfiguration;
			buildSettings = {
				ASSETCATALOG_COMPILER_APPICON_NAME = AppIcon;
				COMBINE_HIDPI_IMAGES = YES;
				CURRENT_PROJECT_VERSION = 1;
				ENABLE_HARDENED_RUNTIME = YES;
				GENERATE_INFOPLIST_FILE = YES;
				INFOPLIST_FILE = "Generated/Info-macOS.plist";
				INFOPLIST_KEY_CFBundleDisplayName = RetroMacCast;
				LD_RUNPATH_SEARCH_PATHS = (
					"$(inherited)",
					"@executable_path/../Frameworks",
				);
				MACOSX_DEPLOYMENT_TARGET = 15.0;
				MARKETING_VERSION = 1.0;
				PRODUCT_BUNDLE_IDENTIFIER = com.retromaccast.mac;
				PRODUCT_NAME = RetroMacCast;
				SDKROOT = macosx;
				SWIFT_VERSION = 5.10;
			};
			name = Release;
		};
		940CEE693499DA270A28ADC7 /* Release */ = {
			isa = XCBuildConfiguration;
			buildSettings = {
				ASSETCATALOG_COMPILER_APPICON_NAME = AppIcon;
				CODE_SIGN_IDENTITY = "iPhone Developer";
				CURRENT_PROJECT_VERSION = 1;
				GENERATE_INFOPLIST_FILE = YES;
				INFOPLIST_FILE = "Generated/Info-iOS.plist";
				INFOPLIST_KEY_CFBundleDisplayName = RetroMacCast;
				IPHONEOS_DEPLOYMENT_TARGET = 18.0;
				LD_RUNPATH_SEARCH_PATHS = (
					"$(inherited)",
					"@executable_path/Frameworks",
				);
				MARKETING_VERSION = 1.0;
				PRODUCT_BUNDLE_IDENTIFIER = com.retromaccast.app;
				PRODUCT_NAME = RetroMacCast;
				SDKROOT = iphoneos;
				SWIFT_VERSION = 5.10;
				TARGETED_DEVICE_FAMILY = "1,2";
			};
			name = Release;
		};
		9DA2969C56FD4ED1E0E3324B /* Debug */ = {
			isa = XCBuildConfiguration;
			buildSettings = {
				ALWAYS_SEARCH_USER_PATHS = NO;
				CLANG_ANALYZER_NONNULL = YES;
				CLANG_ANALYZER_NUMBER_OBJECT_CONVERSION = YES_AGGRESSIVE;
				CLANG_CXX_LANGUAGE_STANDARD = "gnu++14";
				CLANG_CXX_LIBRARY = "libc++";
				CLANG_ENABLE_MODULES = YES;
				CLANG_ENABLE_OBJC_ARC = YES;
				CLANG_ENABLE_OBJC_WEAK = YES;
				CLANG_WARN_BLOCK_CAPTURE_AUTORELEASING = YES;
				CLANG_WARN_BOOL_CONVERSION = YES;
				CLANG_WARN_COMMA = YES;
				CLANG_WARN_CONSTANT_CONVERSION = YES;
				CLANG_WARN_DEPRECATED_OBJC_IMPLEMENTATIONS = YES;
				CLANG_WARN_DIRECT_OBJC_ISA_USAGE = YES_ERROR;
				CLANG_WARN_DOCUMENTATION_COMMENTS = YES;
				CLANG_WARN_EMPTY_BODY = YES;
				CLANG_WARN_ENUM_CONVERSION = YES;
				CLANG_WARN_INFINITE_RECURSION = YES;
				CLANG_WARN_INT_CONVERSION = YES;
				CLANG_WARN_NON_LITERAL_NULL_CONVERSION = YES;
				CLANG_WARN_OBJC_IMPLICIT_RETAIN_SELF = YES;
				CLANG_WARN_OBJC_LITERAL_CONVERSION = YES;
				CLANG_WARN_OBJC_ROOT_CLASS = YES_ERROR;
				CLANG_WARN_QUOTED_INCLUDE_IN_FRAMEWORK_HEADER = YES;
				CLANG_WARN_RANGE_LOOP_ANALYSIS = YES;
				CLANG_WARN_STRICT_PROTOTYPES = YES;
				CLANG_WARN_SUSPICIOUS_MOVE = YES;
				CLANG_WARN_UNGUARDED_AVAILABILITY = YES_AGGRESSIVE;
				CLANG_WARN_UNREACHABLE_CODE = YES;
				CLANG_WARN__DUPLICATE_METHOD_MATCH = YES;
				COPY_PHASE_STRIP = NO;
				DEBUG_INFORMATION_FORMAT = dwarf;
				ENABLE_STRICT_OBJC_MSGSEND = YES;
				ENABLE_TESTABILITY = YES;
				GCC_C_LANGUAGE_STANDARD = gnu11;
				GCC_DYNAMIC_NO_PIC = NO;
				GCC_NO_COMMON_BLOCKS = YES;
				GCC_OPTIMIZATION_LEVEL = 0;
				GCC_PREPROCESSOR_DEFINITIONS = (
					"$(inherited)",
					"DEBUG=1",
				);
				GCC_WARN_64_TO_32_BIT_CONVERSION = YES;
				GCC_WARN_ABOUT_RETURN_TYPE = YES_ERROR;
				GCC_WARN_UNDECLARED_SELECTOR = YES;
				GCC_WARN_UNINITIALIZED_AUTOS = YES_AGGRESSIVE;
				GCC_WARN_UNUSED_FUNCTION = YES;
				GCC_WARN_UNUSED_VARIABLE = YES;
				MTL_ENABLE_DEBUG_INFO = INCLUDE_SOURCE;
				MTL_FAST_MATH = YES;
				ONLY_ACTIVE_ARCH = YES;
				PRODUCT_NAME = "$(TARGET_NAME)";
				SWIFT_ACTIVE_COMPILATION_CONDITIONS = DEBUG;
				SWIFT_OPTIMIZATION_LEVEL = "-Onone";
				SWIFT_VERSION = 5.0;
			};
			name = Debug;
		};
		A0FAA49A06250EE15C1530EA /* Debug */ = {
			isa = XCBuildConfiguration;
			buildSettings = {
				ASSETCATALOG_COMPILER_APPICON_NAME = AppIcon;
				COMBINE_HIDPI_IMAGES = YES;
				CURRENT_PROJECT_VERSION = 1;
				ENABLE_HARDENED_RUNTIME = YES;
				GENERATE_INFOPLIST_FILE = YES;
				INFOPLIST_FILE = "Generated/Info-macOS.plist";
				INFOPLIST_KEY_CFBundleDisplayName = RetroMacCast;
				LD_RUNPATH_SEARCH_PATHS = (
					"$(inherited)",
					"@executable_path/../Frameworks",
				);
				MACOSX_DEPLOYMENT_TARGET = 15.0;
				MARKETING_VERSION = 1.0;
				PRODUCT_BUNDLE_IDENTIFIER = com.retromaccast.mac;
				PRODUCT_NAME = RetroMacCast;
				SDKROOT = macosx;
				SWIFT_VERSION = 5.10;
			};
			name = Debug;
		};
		B205476926B3F6EAAF8DBF0F /* Debug */ = {
			isa = XCBuildConfiguration;
			buildSettings = {
				ASSETCATALOG_COMPILER_APPICON_NAME = AppIcon;
				CODE_SIGN_IDENTITY = "iPhone Developer";
				CURRENT_PROJECT_VERSION = 1;
				GENERATE_INFOPLIST_FILE = YES;
				INFOPLIST_FILE = "Generated/Info-iOS.plist";
				INFOPLIST_KEY_CFBundleDisplayName = RetroMacCast;
				IPHONEOS_DEPLOYMENT_TARGET = 18.0;
				LD_RUNPATH_SEARCH_PATHS = (
					"$(inherited)",
					"@executable_path/Frameworks",
				);
				MARKETING_VERSION = 1.0;
				PRODUCT_BUNDLE_IDENTIFIER = com.retromaccast.app;
				PRODUCT_NAME = RetroMacCast;
				SDKROOT = iphoneos;
				SWIFT_VERSION = 5.10;
				TARGETED_DEVICE_FAMILY = "1,2";
			};
			name = Debug;
		};
/* End XCBuildConfiguration section */

/* Begin XCConfigurationList section */
		788A4623D55A7B3411A46A92 /* Build configuration list for PBXProject "RetroMacCast" */ = {
			isa = XCConfigurationList;
			buildConfigurations = (
				9DA2969C56FD4ED1E0E3324B /* Debug */,
				42C4B08E9D31E82592F27442 /* Release */,
			);
			defaultConfigurationIsVisible = 0;
			defaultConfigurationName = Debug;
		};
		CA09521DFBEDE6BC301CC8BA /* Build configuration list for PBXNativeTarget "RetroMacCast-iOS" */ = {
			isa = XCConfigurationList;
			buildConfigurations = (
				B205476926B3F6EAAF8DBF0F /* Debug */,
				940CEE693499DA270A28ADC7 /* Release */,
			);
			defaultConfigurationIsVisible = 0;
			defaultConfigurationName = Debug;
		};
		F3573FE080829E190A26F42F /* Build configuration list for PBXNativeTarget "RetroMacCast-macOS" */ = {
			isa = XCConfigurationList;
			buildConfigurations = (
				A0FAA49A06250EE15C1530EA /* Debug */,
				5B413D773E6AB243EBAD7199 /* Release */,
			);
			defaultConfigurationIsVisible = 0;
			defaultConfigurationName = Debug;
		};
/* End XCConfigurationList section */

/* Begin XCLocalSwiftPackageReference section */
		A2D68FD267E72D963BB7AB8B /* XCLocalSwiftPackageReference "../pipeline" */ = {
			isa = XCLocalSwiftPackageReference;
			relativePath = ../pipeline;
		};
/* End XCLocalSwiftPackageReference section */

/* Begin XCSwiftPackageProductDependency section */
		1CB0F2EAC0628A1DF7C02692 /* RMCCore */ = {
			isa = XCSwiftPackageProductDependency;
			productName = RMCCore;
		};
		94186E73C5041162DF799002 /* RMCCore */ = {
			isa = XCSwiftPackageProductDependency;
			productName = RMCCore;
		};
/* End XCSwiftPackageProductDependency section */
	};
	rootObject = F389D2C87838F4DEE35F49F5 /* Project object */;
}
